// !$*UTF8*$!
{
	archiveVersion = 1;
	classes = {
	};
	objectVersion = 51;
	objects = {

/* Begin PBXBuildFile section */
		8F21CBB025D866260061F17E /* LoadingView.swift in Sources */ = {isa = PBXBuildFile; fileRef = 8F21CBAF25D866260061F17E /* LoadingView.swift */; };
		8F79FDF025D719B700238486 /* AppDelegate.swift in Sources */ = {isa = PBXBuildFile; fileRef = 8F79FDEF25D719B700238486 /* AppDelegate.swift */; };
		8F79FDF225D719B700238486 /* SceneDelegate.swift in Sources */ = {isa = PBXBuildFile; fileRef = 8F79FDF125D719B700238486 /* SceneDelegate.swift */; };
		8F79FDF925D719BB00238486 /* Assets.xcassets in Resources */ = {isa = PBXBuildFile; fileRef = 8F79FDF825D719BB00238486 /* Assets.xcassets */; };
		8F79FDFC25D719BB00238486 /* LaunchScreen.storyboard in Resources */ = {isa = PBXBuildFile; fileRef = 8F79FDFA25D719BB00238486 /* LaunchScreen.storyboard */; };
		8F79FE0E25D71F2800238486 /* SplashScreen.storyboard in Resources */ = {isa = PBXBuildFile; fileRef = 8F79FE0D25D71F2800238486 /* SplashScreen.storyboard */; };
		8F79FE1025D71F4600238486 /* SplashScreenViewController.swift in Sources */ = {isa = PBXBuildFile; fileRef = 8F79FE0F25D71F4600238486 /* SplashScreenViewController.swift */; };
		8F79FE1225D7264000238486 /* APIService.swift in Sources */ = {isa = PBXBuildFile; fileRef = 8F79FE1125D7264000238486 /* APIService.swift */; };
		8F79FE1725D728E200238486 /* ResultModel.swift in Sources */ = {isa = PBXBuildFile; fileRef = 8F79FE1625D728E200238486 /* ResultModel.swift */; };
		8F79FE1925D72AF500238486 /* ResponseModel.swift in Sources */ = {isa = PBXBuildFile; fileRef = 8F79FE1825D72AF500238486 /* ResponseModel.swift */; };
		8F79FE1E25D7BE3200238486 /* SplashScreenViewModelDelegate.swift in Sources */ = {isa = PBXBuildFile; fileRef = 8F79FE1D25D7BE3200238486 /* SplashScreenViewModelDelegate.swift */; };
		8F79FE2025D7BE6A00238486 /* SplashScreenViewModel.swift in Sources */ = {isa = PBXBuildFile; fileRef = 8F79FE1F25D7BE6A00238486 /* SplashScreenViewModel.swift */; };
		8F79FE2325D7C0A500238486 /* ObjectStore.swift in Sources */ = {isa = PBXBuildFile; fileRef = 8F79FE2225D7C0A500238486 /* ObjectStore.swift */; };
		8F79FE2625D7C4C800238486 /* UIViewControllerExtensions.swift in Sources */ = {isa = PBXBuildFile; fileRef = 8F79FE2525D7C4C800238486 /* UIViewControllerExtensions.swift */; };
		8F79FE2A25D7C56400238486 /* Localizable.strings in Resources */ = {isa = PBXBuildFile; fileRef = 8F79FE2C25D7C56400238486 /* Localizable.strings */; };
		8F79FE2F25D7CA2B00238486 /* ListScreen.storyboard in Resources */ = {isa = PBXBuildFile; fileRef = 8F79FE2E25D7CA2B00238486 /* ListScreen.storyboard */; };
		8F79FE3125D7CACA00238486 /* ListScreenViewController.swift in Sources */ = {isa = PBXBuildFile; fileRef = 8F79FE3025D7CACA00238486 /* ListScreenViewController.swift */; };
		8F79FE3825D7CD9C00238486 /* ListScreenViewModel.swift in Sources */ = {isa = PBXBuildFile; fileRef = 8F79FE3725D7CD9C00238486 /* ListScreenViewModel.swift */; };
		8F79FE4125D7E63600238486 /* ListTableViewCell.swift in Sources */ = {isa = PBXBuildFile; fileRef = 8F79FE3F25D7E63600238486 /* ListTableViewCell.swift */; };
		8F79FE4225D7E63600238486 /* ListTableViewCell.xib in Resources */ = {isa = PBXBuildFile; fileRef = 8F79FE4025D7E63600238486 /* ListTableViewCell.xib */; };
		8F79FE4C25D80FBD00238486 /* SearchListTableViewCell.swift in Sources */ = {isa = PBXBuildFile; fileRef = 8F79FE4A25D80FBD00238486 /* SearchListTableViewCell.swift */; };
		8F79FE4D25D80FBD00238486 /* SearchListTableViewCell.xib in Resources */ = {isa = PBXBuildFile; fileRef = 8F79FE4B25D80FBD00238486 /* SearchListTableViewCell.xib */; };
		8F79FE4F25D8221A00238486 /* SearchViewController.xib in Resources */ = {isa = PBXBuildFile; fileRef = 8F79FE4E25D8221A00238486 /* SearchViewController.xib */; };
		8F79FE5125D8229400238486 /* SearchViewController.swift in Sources */ = {isa = PBXBuildFile; fileRef = 8F79FE5025D8229400238486 /* SearchViewController.swift */; };
		BD040C1BAE8F62B2FD575F1F /* Pods_Mobillium_EnesAksoy.framework in Frameworks */ = {isa = PBXBuildFile; fileRef = 6E5F77FF91E740C27296F5B4 /* Pods_Mobillium_EnesAksoy.framework */; };
/* End PBXBuildFile section */

/* Begin PBXFileReference section */
		1402517843E18F0DF702B214 /* Pods-Mobillium-EnesAksoy.release.xcconfig */ = {isa = PBXFileReference; includeInIndex = 1; lastKnownFileType = text.xcconfig; name = "Pods-Mobillium-EnesAksoy.release.xcconfig"; path = "Target Support Files/Pods-Mobillium-EnesAksoy/Pods-Mobillium-EnesAksoy.release.xcconfig"; sourceTree = "<group>"; };
		6E5F77FF91E740C27296F5B4 /* Pods_Mobillium_EnesAksoy.framework */ = {isa = PBXFileReference; explicitFileType = wrapper.framework; includeInIndex = 0; path = Pods_Mobillium_EnesAksoy.framework; sourceTree = BUILT_PRODUCTS_DIR; };
		8F21CBAF25D866260061F17E /* LoadingView.swift */ = {isa = PBXFileReference; fileEncoding = 4; lastKnownFileType = sourcecode.swift; path = LoadingView.swift; sourceTree = "<group>"; };
		8F79FDEC25D719B700238486 /* Mobillium-EnesAksoy.app */ = {isa = PBXFileReference; explicitFileType = wrapper.application; includeInIndex = 0; path = "Mobillium-EnesAksoy.app"; sourceTree = BUILT_PRODUCTS_DIR; };
		8F79FDEF25D719B700238486 /* AppDelegate.swift */ = {isa = PBXFileReference; lastKnownFileType = sourcecode.swift; path = AppDelegate.swift; sourceTree = "<group>"; };
		8F79FDF125D719B700238486 /* SceneDelegate.swift */ = {isa = PBXFileReference; lastKnownFileType = sourcecode.swift; path = SceneDelegate.swift; sourceTree = "<group>"; };
		8F79FDF825D719BB00238486 /* Assets.xcassets */ = {isa = PBXFileReference; lastKnownFileType = folder.assetcatalog; path = Assets.xcassets; sourceTree = "<group>"; };
		8F79FDFB25D719BB00238486 /* Base */ = {isa = PBXFileReference; lastKnownFileType = file.storyboard; name = Base; path = Base.lproj/LaunchScreen.storyboard; sourceTree = "<group>"; };
		8F79FDFD25D719BB00238486 /* Info.plist */ = {isa = PBXFileReference; lastKnownFileType = text.plist.xml; path = Info.plist; sourceTree = "<group>"; };
		8F79FE0D25D71F2800238486 /* SplashScreen.storyboard */ = {isa = PBXFileReference; lastKnownFileType = file.storyboard; path = SplashScreen.storyboard; sourceTree = "<group>"; };
		8F79FE0F25D71F4600238486 /* SplashScreenViewController.swift */ = {isa = PBXFileReference; lastKnownFileType = sourcecode.swift; path = SplashScreenViewController.swift; sourceTree = "<group>"; };
		8F79FE1125D7264000238486 /* APIService.swift */ = {isa = PBXFileReference; lastKnownFileType = sourcecode.swift; path = APIService.swift; sourceTree = "<group>"; };
		8F79FE1625D728E200238486 /* ResultModel.swift */ = {isa = PBXFileReference; lastKnownFileType = sourcecode.swift; path = ResultModel.swift; sourceTree = "<group>"; };
		8F79FE1825D72AF500238486 /* ResponseModel.swift */ = {isa = PBXFileReference; lastKnownFileType = sourcecode.swift; path = ResponseModel.swift; sourceTree = "<group>"; };
		8F79FE1D25D7BE3200238486 /* SplashScreenViewModelDelegate.swift */ = {isa = PBXFileReference; lastKnownFileType = sourcecode.swift; path = SplashScreenViewModelDelegate.swift; sourceTree = "<group>"; };
		8F79FE1F25D7BE6A00238486 /* SplashScreenViewModel.swift */ = {isa = PBXFileReference; lastKnownFileType = sourcecode.swift; path = SplashScreenViewModel.swift; sourceTree = "<group>"; };
		8F79FE2225D7C0A500238486 /* ObjectStore.swift */ = {isa = PBXFileReference; lastKnownFileType = sourcecode.swift; path = ObjectStore.swift; sourceTree = "<group>"; };
		8F79FE2525D7C4C800238486 /* UIViewControllerExtensions.swift */ = {isa = PBXFileReference; lastKnownFileType = sourcecode.swift; path = UIViewControllerExtensions.swift; sourceTree = "<group>"; };
		8F79FE2B25D7C56400238486 /* en */ = {isa = PBXFileReference; lastKnownFileType = text.plist.strings; name = en; path = en.lproj/Localizable.strings; sourceTree = "<group>"; };
		8F79FE2E25D7CA2B00238486 /* ListScreen.storyboard */ = {isa = PBXFileReference; lastKnownFileType = file.storyboard; path = ListScreen.storyboard; sourceTree = "<group>"; };
		8F79FE3025D7CACA00238486 /* ListScreenViewController.swift */ = {isa = PBXFileReference; lastKnownFileType = sourcecode.swift; path = ListScreenViewController.swift; sourceTree = "<group>"; };
		8F79FE3725D7CD9C00238486 /* ListScreenViewModel.swift */ = {isa = PBXFileReference; lastKnownFileType = sourcecode.swift; path = ListScreenViewModel.swift; sourceTree = "<group>"; };
		8F79FE3F25D7E63600238486 /* ListTableViewCell.swift */ = {isa = PBXFileReference; lastKnownFileType = sourcecode.swift; path = ListTableViewCell.swift; sourceTree = "<group>"; };
		8F79FE4025D7E63600238486 /* ListTableViewCell.xib */ = {isa = PBXFileReference; lastKnownFileType = file.xib; path = ListTableViewCell.xib; sourceTree = "<group>"; };
		8F79FE4A25D80FBD00238486 /* SearchListTableViewCell.swift */ = {isa = PBXFileReference; lastKnownFileType = sourcecode.swift; path = SearchListTableViewCell.swift; sourceTree = "<group>"; };
		8F79FE4B25D80FBD00238486 /* SearchListTableViewCell.xib */ = {isa = PBXFileReference; lastKnownFileType = file.xib; path = SearchListTableViewCell.xib; sourceTree = "<group>"; };
		8F79FE4E25D8221A00238486 /* SearchViewController.xib */ = {isa = PBXFileReference; lastKnownFileType = file.xib; path = SearchViewController.xib; sourceTree = "<group>"; };
		8F79FE5025D8229400238486 /* SearchViewController.swift */ = {isa = PBXFileReference; lastKnownFileType = sourcecode.swift; path = SearchViewController.swift; sourceTree = "<group>"; };
		A310328FA661B6CA621463BC /* Pods-Mobillium-EnesAksoy.debug.xcconfig */ = {isa = PBXFileReference; includeInIndex = 1; lastKnownFileType = text.xcconfig; name = "Pods-Mobillium-EnesAksoy.debug.xcconfig"; path = "Target Support Files/Pods-Mobillium-EnesAksoy/Pods-Mobillium-EnesAksoy.debug.xcconfig"; sourceTree = "<group>"; };
/* End PBXFileReference section */

/* Begin PBXFrameworksBuildPhase section */
		8F79FDE925D719B700238486 /* Frameworks */ = {
			isa = PBXFrameworksBuildPhase;
			buildActionMask = 2147483647;
			files = (
				BD040C1BAE8F62B2FD575F1F /* Pods_Mobillium_EnesAksoy.framework in Frameworks */,
			);
			runOnlyForDeploymentPostprocessing = 0;
		};
/* End PBXFrameworksBuildPhase section */

/* Begin PBXGroup section */
		1A223428D01442E0C0CB2DB0 /* Pods */ = {
			isa = PBXGroup;
			children = (
				A310328FA661B6CA621463BC /* Pods-Mobillium-EnesAksoy.debug.xcconfig */,
				1402517843E18F0DF702B214 /* Pods-Mobillium-EnesAksoy.release.xcconfig */,
			);
			path = Pods;
			sourceTree = "<group>";
		};
		30FB63F027AFBBB0C760EF14 /* Frameworks */ = {
			isa = PBXGroup;
			children = (
				6E5F77FF91E740C27296F5B4 /* Pods_Mobillium_EnesAksoy.framework */,
			);
			name = Frameworks;
			sourceTree = "<group>";
		};
		8F21CBAE25D865E70061F17E /* Loader */ = {
			isa = PBXGroup;
			children = (
				8F21CBAF25D866260061F17E /* LoadingView.swift */,
			);
			path = Loader;
			sourceTree = "<group>";
		};
		8F79FDE325D719B700238486 = {
			isa = PBXGroup;
			children = (
				8F79FDEE25D719B700238486 /* Mobillium-EnesAksoy */,
				8F79FDED25D719B700238486 /* Products */,
				1A223428D01442E0C0CB2DB0 /* Pods */,
				30FB63F027AFBBB0C760EF14 /* Frameworks */,
			);
			sourceTree = "<group>";
		};
		8F79FDED25D719B700238486 /* Products */ = {
			isa = PBXGroup;
			children = (
				8F79FDEC25D719B700238486 /* Mobillium-EnesAksoy.app */,
			);
			name = Products;
			sourceTree = "<group>";
		};
		8F79FDEE25D719B700238486 /* Mobillium-EnesAksoy */ = {
			isa = PBXGroup;
			children = (
				8F79FE0525D71C1900238486 /* Application */,
				8F79FE0625D71C2000238486 /* Common */,
				8F79FE2125D7C08900238486 /* ObjectStore */,
				8F79FE0325D71BEB00238486 /* Presentation */,
				8F79FE0725D71C2600238486 /* Resources */,
				8F79FE0825D71C2C00238486 /* Screens */,
				8F79FE0425D71BFA00238486 /* WebService */,
				8F79FDF825D719BB00238486 /* Assets.xcassets */,
				8F79FDFA25D719BB00238486 /* LaunchScreen.storyboard */,
				8F79FDFD25D719BB00238486 /* Info.plist */,
			);
			path = "Mobillium-EnesAksoy";
			sourceTree = "<group>";
		};
		8F79FE0325D71BEB00238486 /* Presentation */ = {
			isa = PBXGroup;
			children = (
			);
			path = Presentation;
			sourceTree = "<group>";
		};
		8F79FE0425D71BFA00238486 /* WebService */ = {
			isa = PBXGroup;
			children = (
				8F79FE1125D7264000238486 /* APIService.swift */,
			);
			path = WebService;
			sourceTree = "<group>";
		};
		8F79FE0525D71C1900238486 /* Application */ = {
			isa = PBXGroup;
			children = (
				8F79FE0925D71C4D00238486 /* Delegate */,
			);
			path = Application;
			sourceTree = "<group>";
		};
		8F79FE0625D71C2000238486 /* Common */ = {
			isa = PBXGroup;
			children = (
				8F21CBAE25D865E70061F17E /* Loader */,
				8F79FE2425D7C4BA00238486 /* Extensions */,
				8F79FE1525D728D100238486 /* Models */,
			);
			path = Common;
			sourceTree = "<group>";
		};
		8F79FE0725D71C2600238486 /* Resources */ = {
			isa = PBXGroup;
			children = (
				8F79FE2725D7C54D00238486 /* Strings */,
			);
			path = Resources;
			sourceTree = "<group>";
		};
		8F79FE0825D71C2C00238486 /* Screens */ = {
			isa = PBXGroup;
			children = (
				8F79FE2D25D7C98000238486 /* ListScreen */,
				8F79FE0A25D71C9A00238486 /* SplashScreen */,
			);
			path = Screens;
			sourceTree = "<group>";
		};
		8F79FE0925D71C4D00238486 /* Delegate */ = {
			isa = PBXGroup;
			children = (
				8F79FDEF25D719B700238486 /* AppDelegate.swift */,
				8F79FDF125D719B700238486 /* SceneDelegate.swift */,
			);
			path = Delegate;
			sourceTree = "<group>";
		};
		8F79FE0A25D71C9A00238486 /* SplashScreen */ = {
			isa = PBXGroup;
			children = (
				8F79FE1A25D7BDE600238486 /* Protocol */,
				8F79FE1B25D7BDEC00238486 /* ViewController */,
				8F79FE1C25D7BDF300238486 /* ViewModel */,
				8F79FE0D25D71F2800238486 /* SplashScreen.storyboard */,
			);
			path = SplashScreen;
			sourceTree = "<group>";
		};
		8F79FE1525D728D100238486 /* Models */ = {
			isa = PBXGroup;
			children = (
				8F79FE1625D728E200238486 /* ResultModel.swift */,
				8F79FE1825D72AF500238486 /* ResponseModel.swift */,
			);
			path = Models;
			sourceTree = "<group>";
		};
		8F79FE1A25D7BDE600238486 /* Protocol */ = {
			isa = PBXGroup;
			children = (
				8F79FE1D25D7BE3200238486 /* SplashScreenViewModelDelegate.swift */,
			);
			path = Protocol;
			sourceTree = "<group>";
		};
		8F79FE1B25D7BDEC00238486 /* ViewController */ = {
			isa = PBXGroup;
			children = (
				8F79FE0F25D71F4600238486 /* SplashScreenViewController.swift */,
			);
			path = ViewController;
			sourceTree = "<group>";
		};
		8F79FE1C25D7BDF300238486 /* ViewModel */ = {
			isa = PBXGroup;
			children = (
				8F79FE1F25D7BE6A00238486 /* SplashScreenViewModel.swift */,
			);
			path = ViewModel;
			sourceTree = "<group>";
		};
		8F79FE2125D7C08900238486 /* ObjectStore */ = {
			isa = PBXGroup;
			children = (
				8F79FE2225D7C0A500238486 /* ObjectStore.swift */,
			);
			path = ObjectStore;
			sourceTree = "<group>";
		};
		8F79FE2425D7C4BA00238486 /* Extensions */ = {
			isa = PBXGroup;
			children = (
				8F79FE2525D7C4C800238486 /* UIViewControllerExtensions.swift */,
			);
			path = Extensions;
			sourceTree = "<group>";
		};
		8F79FE2725D7C54D00238486 /* Strings */ = {
			isa = PBXGroup;
			children = (
				8F79FE2C25D7C56400238486 /* Localizable.strings */,
			);
			path = Strings;
			sourceTree = "<group>";
		};
		8F79FE2D25D7C98000238486 /* ListScreen */ = {
			isa = PBXGroup;
			children = (
				8F79FE3E25D7E61900238486 /* Cell */,
				8F79FE3925D7D6D100238486 /* View */,
				8F79FE3325D7CD3E00238486 /* ViewController */,
				8F79FE3425D7CD4400238486 /* ViewModel */,
				8F79FE2E25D7CA2B00238486 /* ListScreen.storyboard */,
			);
			path = ListScreen;
			sourceTree = "<group>";
		};
		8F79FE3325D7CD3E00238486 /* ViewController */ = {
			isa = PBXGroup;
			children = (
				8F79FE3025D7CACA00238486 /* ListScreenViewController.swift */,
			);
			path = ViewController;
			sourceTree = "<group>";
		};
		8F79FE3425D7CD4400238486 /* ViewModel */ = {
			isa = PBXGroup;
			children = (
				8F79FE3725D7CD9C00238486 /* ListScreenViewModel.swift */,
			);
			path = ViewModel;
			sourceTree = "<group>";
		};
		8F79FE3925D7D6D100238486 /* View */ = {
			isa = PBXGroup;
			children = (
				8F79FE5025D8229400238486 /* SearchViewController.swift */,
				8F79FE4E25D8221A00238486 /* SearchViewController.xib */,
			);
			path = View;
			sourceTree = "<group>";
		};
		8F79FE3E25D7E61900238486 /* Cell */ = {
			isa = PBXGroup;
			children = (
				8F79FE3F25D7E63600238486 /* ListTableViewCell.swift */,
				8F79FE4025D7E63600238486 /* ListTableViewCell.xib */,
				8F79FE4A25D80FBD00238486 /* SearchListTableViewCell.swift */,
				8F79FE4B25D80FBD00238486 /* SearchListTableViewCell.xib */,
			);
			path = Cell;
			sourceTree = "<group>";
		};
/* End PBXGroup section */

/* Begin PBXNativeTarget section */
		8F79FDEB25D719B700238486 /* Mobillium-EnesAksoy */ = {
			isa = PBXNativeTarget;
			buildConfigurationList = 8F79FE0025D719BB00238486 /* Build configuration list for PBXNativeTarget "Mobillium-EnesAksoy" */;
			buildPhases = (
				8A59581E8391A58590ACD209 /* [CP] Check Pods Manifest.lock */,
				8F79FDE825D719B700238486 /* Sources */,
				8F79FDE925D719B700238486 /* Frameworks */,
				8F79FDEA25D719B700238486 /* Resources */,
				4E7D91617B1A14297E07DC47 /* [CP] Embed Pods Frameworks */,
			);
			buildRules = (
			);
			dependencies = (
			);
			name = "Mobillium-EnesAksoy";
			productName = "Mobillium-EnesAksoy";
			productReference = 8F79FDEC25D719B700238486 /* Mobillium-EnesAksoy.app */;
			productType = "com.apple.product-type.application";
		};
/* End PBXNativeTarget section */

/* Begin PBXProject section */
		8F79FDE425D719B700238486 /* Project object */ = {
			isa = PBXProject;
			attributes = {
				LastSwiftUpdateCheck = 1140;
				LastUpgradeCheck = 1140;
				ORGANIZATIONNAME = "ENES AKSOY";
				TargetAttributes = {
					8F79FDEB25D719B700238486 = {
						CreatedOnToolsVersion = 11.4.1;
					};
				};
			};
			buildConfigurationList = 8F79FDE725D719B700238486 /* Build configuration list for PBXProject "Mobillium-EnesAksoy" */;
			compatibilityVersion = "Xcode 9.3";
			developmentRegion = en;
			hasScannedForEncodings = 0;
			knownRegions = (
				en,
				Base,
			);
			mainGroup = 8F79FDE325D719B700238486;
			productRefGroup = 8F79FDED25D719B700238486 /* Products */;
			projectDirPath = "";
			projectRoot = "";
			targets = (
				8F79FDEB25D719B700238486 /* Mobillium-EnesAksoy */,
			);
		};
/* End PBXProject section */

/* Begin PBXResourcesBuildPhase section */
		8F79FDEA25D719B700238486 /* Resources */ = {
			isa = PBXResourcesBuildPhase;
			buildActionMask = 2147483647;
			files = (
				8F79FDFC25D719BB00238486 /* LaunchScreen.storyboard in Resources */,
				8F79FE2F25D7CA2B00238486 /* ListScreen.storyboard in Resources */,
				8F79FE2A25D7C56400238486 /* Localizable.strings in Resources */,
				8F79FE0E25D71F2800238486 /* SplashScreen.storyboard in Resources */,
				8F79FDF925D719BB00238486 /* Assets.xcassets in Resources */,
				8F79FE4F25D8221A00238486 /* SearchViewController.xib in Resources */,
				8F79FE4225D7E63600238486 /* ListTableViewCell.xib in Resources */,
			);
			runOnlyForDeploymentPostprocessing = 0;
		};
/* End PBXResourcesBuildPhase section */

/* Begin PBXShellScriptBuildPhase section */
		4E7D91617B1A14297E07DC47 /* [CP] Embed Pods Frameworks */ = {
			isa = PBXShellScriptBuildPhase;
			buildActionMask = 2147483647;
			files = (
			);
			inputFileListPaths = (
				"${PODS_ROOT}/Target Support Files/Pods-Mobillium-EnesAksoy/Pods-Mobillium-EnesAksoy-frameworks-${CONFIGURATION}-input-files.xcfilelist",
			);
			name = "[CP] Embed Pods Frameworks";
			outputFileListPaths = (
				"${PODS_ROOT}/Target Support Files/Pods-Mobillium-EnesAksoy/Pods-Mobillium-EnesAksoy-frameworks-${CONFIGURATION}-output-files.xcfilelist",
			);
			runOnlyForDeploymentPostprocessing = 0;
			shellPath = /bin/sh;
			shellScript = "\"${PODS_ROOT}/Target Support Files/Pods-Mobillium-EnesAksoy/Pods-Mobillium-EnesAksoy-frameworks.sh\"\n";
			showEnvVarsInLog = 0;
		};
		8A59581E8391A58590ACD209 /* [CP] Check Pods Manifest.lock */ = {
			isa = PBXShellScriptBuildPhase;
			buildActionMask = 2147483647;
			files = (
			);
			inputFileListPaths = (
			);
			inputPaths = (
				"${PODS_PODFILE_DIR_PATH}/Podfile.lock",
				"${PODS_ROOT}/Manifest.lock",
			);
			name = "[CP] Check Pods Manifest.lock";
			outputFileListPaths = (
			);
			outputPaths = (
				"$(DERIVED_FILE_DIR)/Pods-Mobillium-EnesAksoy-checkManifestLockResult.txt",
			);
			runOnlyForDeploymentPostprocessing = 0;
			shellPath = /bin/sh;
			shellScript = "diff \"${PODS_PODFILE_DIR_PATH}/Podfile.lock\" \"${PODS_ROOT}/Manifest.lock\" > /dev/null\nif [ $? != 0 ] ; then\n    # print error to STDERR\n    echo \"error: The sandbox is not in sync with the Podfile.lock. Run 'pod install' or update your CocoaPods installation.\" >&2\n    exit 1\nfi\n# This output is used by Xcode 'outputs' to avoid re-running this script phase.\necho \"SUCCESS\" > \"${SCRIPT_OUTPUT_FILE_0}\"\n";
			showEnvVarsInLog = 0;
		};
/* End PBXShellScriptBuildPhase section */

/* Begin PBXSourcesBuildPhase section */
		8F79FDE825D719B700238486 /* Sources */ = {
			isa = PBXSourcesBuildPhase;
			buildActionMask = 2147483647;
			files = (
				8F79FDF025D719B700238486 /* AppDelegate.swift in Sources */,
				8F79FE1025D71F4600238486 /* SplashScreenViewController.swift in Sources */,
				8F79FE4C25D80FBD00238486 /* SearchListTableViewCell.swift in Sources */,
				8F79FE2625D7C4C800238486 /* UIViewControllerExtensions.swift in Sources */,
				8F79FE1225D7264000238486 /* APIService.swift in Sources */,
				8F79FE1E25D7BE3200238486 /* SplashScreenViewModelDelegate.swift in Sources */,
				8F79FE2325D7C0A500238486 /* ObjectStore.swift in Sources */,
				8F79FE4125D7E63600238486 /* ListTableViewCell.swift in Sources */,
				8F79FE1725D728E200238486 /* ResultModel.swift in Sources */,
				8F21CBB025D866260061F17E /* LoadingView.swift in Sources */,
				8F79FE2025D7BE6A00238486 /* SplashScreenViewModel.swift in Sources */,
				8F79FE5125D8229400238486 /* SearchViewController.swift in Sources */,
				8F79FE1925D72AF500238486 /* ResponseModel.swift in Sources */,
				8F79FE3825D7CD9C00238486 /* ListScreenViewModel.swift in Sources */,
				8F79FE3125D7CACA00238486 /* ListScreenViewController.swift in Sources */,
				8F79FDF225D719B700238486 /* SceneDelegate.swift in Sources */,
			);
			runOnlyForDeploymentPostprocessing = 0;
		};
/* End PBXSourcesBuildPhase section */

/* Begin PBXVariantGroup section */
		8F79FDFA25D719BB00238486 /* LaunchScreen.storyboard */ = {
			isa = PBXVariantGroup;
			children = (
				8F79FDFB25D719BB00238486 /* Base */,
			);
			name = LaunchScreen.storyboard;
			sourceTree = "<group>";
		};
		8F79FE2C25D7C56400238486 /* Localizable.strings */ = {
			isa = PBXVariantGroup;
			children = (
				8F79FE2B25D7C56400238486 /* en */,
			);
			name = Localizable.strings;
			sourceTree = "<group>";
		};
/* End PBXVariantGroup section */

/* Begin XCBuildConfiguration section */
		8F79FDFE25D719BB00238486 /* Debug */ = {
			isa = XCBuildConfiguration;
			buildSettings = {
				ALWAYS_SEARCH_USER_PATHS = NO;
				CLANG_ANALYZER_NONNULL = YES;
				CLANG_ANALYZER_NUMBER_OBJECT_CONVERSION = YES_AGGRESSIVE;
				CLANG_CXX_LANGUAGE_STANDARD = "gnu++14";
				CLANG_CXX_LIBRARY = "libc++";
				CLANG_ENABLE_MODULES = YES;
				CLANG_ENABLE_OBJC_ARC = YES;
				CLANG_ENABLE_OBJC_WEAK = YES;
				CLANG_WARN_BLOCK_CAPTURE_AUTORELEASING = YES;
				CLANG_WARN_BOOL_CONVERSION = YES;
				CLANG_WARN_COMMA = YES;
				CLANG_WARN_CONSTANT_CONVERSION = YES;
				CLANG_WARN_DEPRECATED_OBJC_IMPLEMENTATIONS = YES;
				CLANG_WARN_DIRECT_OBJC_ISA_USAGE = YES_ERROR;
				CLANG_WARN_DOCUMENTATION_COMMENTS = YES;
				CLANG_WARN_EMPTY_BODY = YES;
				CLANG_WARN_ENUM_CONVERSION = YES;
				CLANG_WARN_INFINITE_RECURSION = YES;
				CLANG_WARN_INT_CONVERSION = YES;
				CLANG_WARN_NON_LITERAL_NULL_CONVERSION = YES;
				CLANG_WARN_OBJC_IMPLICIT_RETAIN_SELF = YES;
				CLANG_WARN_OBJC_LITERAL_CONVERSION = YES;
				CLANG_WARN_OBJC_ROOT_CLASS = YES_ERROR;
				CLANG_WARN_RANGE_LOOP_ANALYSIS = YES;
				CLANG_WARN_STRICT_PROTOTYPES = YES;
				CLANG_WARN_SUSPICIOUS_MOVE = YES;
				CLANG_WARN_UNGUARDED_AVAILABILITY = YES_AGGRESSIVE;
				CLANG_WARN_UNREACHABLE_CODE = YES;
				CLANG_WARN__DUPLICATE_METHOD_MATCH = YES;
				COPY_PHASE_STRIP = NO;
				DEBUG_INFORMATION_FORMAT = dwarf;
				ENABLE_STRICT_OBJC_MSGSEND = YES;
				ENABLE_TESTABILITY = YES;
				GCC_C_LANGUAGE_STANDARD = gnu11;
				GCC_DYNAMIC_NO_PIC = NO;
				GCC_NO_COMMON_BLOCKS = YES;
				GCC_OPTIMIZATION_LEVEL = 0;
				GCC_PREPROCESSOR_DEFINITIONS = (
					"DEBUG=1",
					"$(inherited)",
				);
				GCC_WARN_64_TO_32_BIT_CONVERSION = YES;
				GCC_WARN_ABOUT_RETURN_TYPE = YES_ERROR;
				GCC_WARN_UNDECLARED_SELECTOR = YES;
				GCC_WARN_UNINITIALIZED_AUTOS = YES_AGGRESSIVE;
				GCC_WARN_UNUSED_FUNCTION = YES;
				GCC_WARN_UNUSED_VARIABLE = YES;
				IPHONEOS_DEPLOYMENT_TARGET = 13.0;
				MTL_ENABLE_DEBUG_INFO = INCLUDE_SOURCE;
				MTL_FAST_MATH = YES;
				ONLY_ACTIVE_ARCH = YES;
				SDKROOT = iphoneos;
				SWIFT_ACTIVE_COMPILATION_CONDITIONS = DEBUG;
				SWIFT_OPTIMIZATION_LEVEL = "-Onone";
			};
			name = Debug;
		};
		8F79FDFF25D719BB00238486 /* Release */ = {
			isa = XCBuildConfiguration;
			buildSettings = {
				ALWAYS_SEARCH_USER_PATHS = NO;
				CLANG_ANALYZER_NONNULL = YES;
				CLANG_ANALYZER_NUMBER_OBJECT_CONVERSION = YES_AGGRESSIVE;
				CLANG_CXX_LANGUAGE_STANDARD = "gnu++14";
				CLANG_CXX_LIBRARY = "libc++";
				CLANG_ENABLE_MODULES = YES;
				CLANG_ENABLE_OBJC_ARC = YES;
				CLANG_ENABLE_OBJC_WEAK = YES;
				CLANG_WARN_BLOCK_CAPTURE_AUTORELEASING = YES;
				CLANG_WARN_BOOL_CONVERSION = YES;
				CLANG_WARN_COMMA = YES;
				CLANG_WARN_CONSTANT_CONVERSION = YES;
				CLANG_WARN_DEPRECATED_OBJC_IMPLEMENTATIONS = YES;
				CLANG_WARN_DIRECT_OBJC_ISA_USAGE = YES_ERROR;
				CLANG_WARN_DOCUMENTATION_COMMENTS = YES;
				CLANG_WARN_EMPTY_BODY = YES;
				CLANG_WARN_ENUM_CONVERSION = YES;
				CLANG_WARN_INFINITE_RECURSION = YES;
				CLANG_WARN_INT_CONVERSION = YES;
				CLANG_WARN_NON_LITERAL_NULL_CONVERSION = YES;
				CLANG_WARN_OBJC_IMPLICIT_RETAIN_SELF = YES;
				CLANG_WARN_OBJC_LITERAL_CONVERSION = YES;
				CLANG_WARN_OBJC_ROOT_CLASS = YES_ERROR;
				CLANG_WARN_RANGE_LOOP_ANALYSIS = YES;
				CLANG_WARN_STRICT_PROTOTYPES = YES;
				CLANG_WARN_SUSPICIOUS_MOVE = YES;
				CLANG_WARN_UNGUARDED_AVAILABILITY = YES_AGGRESSIVE;
				CLANG_WARN_UNREACHABLE_CODE = YES;
				CLANG_WARN__DUPLICATE_METHOD_MATCH = YES;
				COPY_PHASE_STRIP = NO;
				DEBUG_INFORMATION_FORMAT = "dwarf-with-dsym";
				ENABLE_NS_ASSERTIONS = NO;
				ENABLE_STRICT_OBJC_MSGSEND = YES;
				GCC_C_LANGUAGE_STANDARD = gnu11;
				GCC_NO_COMMON_BLOCKS = YES;
				GCC_WARN_64_TO_32_BIT_CONVERSION = YES;
				GCC_WARN_ABOUT_RETURN_TYPE = YES_ERROR;
				GCC_WARN_UNDECLARED_SELECTOR = YES;
				GCC_WARN_UNINITIALIZED_AUTOS = YES_AGGRESSIVE;
				GCC_WARN_UNUSED_FUNCTION = YES;
				GCC_WARN_UNUSED_VARIABLE = YES;
				IPHONEOS_DEPLOYMENT_TARGET = 13.0;
				MTL_ENABLE_DEBUG_INFO = NO;
				MTL_FAST_MATH = YES;
				SDKROOT = iphoneos;
				SWIFT_COMPILATION_MODE = wholemodule;
				SWIFT_OPTIMIZATION_LEVEL = "-O";
				VALIDATE_PRODUCT = YES;
			};
			name = Release;
		};
		8F79FE0125D719BB00238486 /* Debug */ = {
			isa = XCBuildConfiguration;
			baseConfigurationReference = A310328FA661B6CA621463BC /* Pods-Mobillium-EnesAksoy.debug.xcconfig */;
			buildSettings = {
				ASSETCATALOG_COMPILER_APPICON_NAME = AppIcon;
				CODE_SIGN_STYLE = Manual;
				DEVELOPMENT_TEAM = "";
				INFOPLIST_FILE = "Mobillium-EnesAksoy/Info.plist";
				LD_RUNPATH_SEARCH_PATHS = (
					"$(inherited)",
					"@executable_path/Frameworks",
				);
				PRODUCT_BUNDLE_IDENTIFIER = com.mobillium.EnesAksoy;
				PRODUCT_NAME = "$(TARGET_NAME)";
				PROVISIONING_PROFILE_SPECIFIER = "";
				SWIFT_VERSION = 5.0;
				TARGETED_DEVICE_FAMILY = "1,2";
			};
			name = Debug;
		};
		8F79FE0225D719BB00238486 /* Release */ = {
			isa = XCBuildConfiguration;
			baseConfigurationReference = 1402517843E18F0DF702B214 /* Pods-Mobillium-EnesAksoy.release.xcconfig */;
			buildSettings = {
				ASSETCATALOG_COMPILER_APPICON_NAME = AppIcon;
				CODE_SIGN_STYLE = Manual;
				DEVELOPMENT_TEAM = "";
				INFOPLIST_FILE = "Mobillium-EnesAksoy/Info.plist";
				LD_RUNPATH_SEARCH_PATHS = (
					"$(inherited)",
					"@executable_path/Frameworks",
				);
				PRODUCT_BUNDLE_IDENTIFIER = com.mobillium.EnesAksoy;
				PRODUCT_NAME = "$(TARGET_NAME)";
				PROVISIONING_PROFILE_SPECIFIER = "";
				SWIFT_VERSION = 5.0;
				TARGETED_DEVICE_FAMILY = "1,2";
			};
			name = Release;
		};
/* End XCBuildConfiguration section */

/* Begin XCConfigurationList section */
		8F79FDE725D719B700238486 /* Build configuration list for PBXProject "Mobillium-EnesAksoy" */ = {
			isa = XCConfigurationList;
			buildConfigurations = (
				8F79FDFE25D719BB00238486 /* Debug */,
				8F79FDFF25D719BB00238486 /* Release */,
			);
			defaultConfigurationIsVisible = 0;
			defaultConfigurationName = Release;
		};
		8F79FE0025D719BB00238486 /* Build configuration list for PBXNativeTarget "Mobillium-EnesAksoy" */ = {
			isa = XCConfigurationList;
			buildConfigurations = (
				8F79FE0125D719BB00238486 /* Debug */,
				8F79FE0225D719BB00238486 /* Release */,
			);
			defaultConfigurationIsVisible = 0;
			defaultConfigurationName = Release;
		};
/* End XCConfigurationList section */
	};
	rootObject = 8F79FDE425D719B700238486 /* Project object */;
}
